
Microsoft Visual Studio Solution File, Format Version 12.00
# Visual Studio Version 17
VisualStudioVersion = 17.9.34728.123
MinimumVisualStudioVersion = 10.0.40219.1
Project("{FAE04EC0-301F-11D3-BF4B-00C04F79EFBC}") = "MVC Interview Task", "MVC Interview Task.csproj", "{AA200737-0F06-4A8B-BF97-726A1E9FCBDA}"
EndProject
Project("{FAE04EC0-301F-11D3-BF4B-00C04F79EFBC}") = "DataAccessLayer", "..\DataAccessLayer\DataAccessLayer.csproj", "{72BAAE8A-90D4-4A12-97F0-FE3FD0D9091A}"
EndProject
Project("{FAE04EC0-301F-11D3-BF4B-00C04F79EFBC}") = "BusinessLogicLayer", "..\BusinessLogicLayer\BusinessLogicLayer.csproj", "{9767C1CA-AFAE-490A-BC43-BBA11F0603DF}"
EndProject
Global
	GlobalSection(SolutionConfigurationPlatforms) = preSolution
		Debug|Any CPU = Debug|Any CPU
		Release|Any CPU = Release|Any CPU
	EndGlobalSection
	GlobalSection(ProjectConfigurationPlatforms) = postSolution
		{AA200737-0F06-4A8B-BF97-726A1E9FCBDA}.Debug|Any CPU.ActiveCfg = Debug|Any CPU
		{AA200737-0F06-4A8B-BF97-726A1E9FCBDA}.Debug|Any CPU.Build.0 = Debug|Any CPU
		{AA200737-0F06-4A8B-BF97-726A1E9FCBDA}.Release|Any CPU.ActiveCfg = Release|Any CPU
		{AA200737-0F06-4A8B-BF97-726A1E9FCBDA}.Release|Any CPU.Build.0 = Release|Any CPU
		{72BAAE8A-90D4-4A12-97F0-FE3FD0D9091A}.Debug|Any CPU.ActiveCfg = Debug|Any CPU
		{72BAAE8A-90D4-4A12-97F0-FE3FD0D9091A}.Debug|Any CPU.Build.0 = Debug|Any CPU
		{72BAAE8A-90D4-4A12-97F0-FE3FD0D9091A}.Release|Any CPU.ActiveCfg = Release|Any CPU
		{72BAAE8A-90D4-4A12-97F0-FE3FD0D9091A}.Release|Any CPU.Build.0 = Release|Any CPU
		{9767C1CA-AFAE-490A-BC43-BBA11F0603DF}.Debug|Any CPU.ActiveCfg = Debug|Any CPU
		{9767C1CA-AFAE-490A-BC43-BBA11F0603DF}.Debug|Any CPU.Build.0 = Debug|Any CPU
		{9767C1CA-AFAE-490A-BC43-BBA11F0603DF}.Release|Any CPU.ActiveCfg = Release|Any CPU
		{9767C1CA-AFAE-490A-BC43-BBA11F0603DF}.Release|Any CPU.Build.0 = Release|Any CPU
	EndGlobalSection
	GlobalSection(SolutionProperties) = preSolution
		HideSolutionNode = FALSE
	EndGlobalSection
	GlobalSection(ExtensibilityGlobals) = postSolution
		SolutionGuid = {5A2C0755-5958-4170-998E-49C714AAB229}
	EndGlobalSection
EndGlobal
